
Microsoft Visual Studio Solution File, Format Version 12.00
# Visual Studio 15
VisualStudioVersion = 15.0.27703.2000
MinimumVisualStudioVersion = 10.0.40219.1
Project("{FAE04EC0-301F-11D3-BF4B-00C04F79EFBC}") = "ScopeAndAccesibilityModifiers", "ScopeAndAccesibilityModifiers\ScopeAndAccesibilityModifiers.csproj", "{93465F88-133B-4DD3-8DC6-A7B9E059539D}"
EndProject
Global
	GlobalSection(SolutionConfigurationPlatforms) = preSolution
		Debug|Any CPU = Debug|Any CPU
		Release|Any CPU = Release|Any CPU
	EndGlobalSection
	GlobalSection(ProjectConfigurationPlatforms) = postSolution
		{93465F88-133B-4DD3-8DC6-A7B9E059539D}.Debug|Any CPU.ActiveCfg = Debug|Any CPU
		{93465F88-133B-4DD3-8DC6-A7B9E059539D}.Debug|Any CPU.Build.0 = Debug|Any CPU
		{93465F88-133B-4DD3-8DC6-A7B9E059539D}.Release|Any CPU.ActiveCfg = Release|Any CPU
		{93465F88-133B-4DD3-8DC6-A7B9E059539D}.Release|Any CPU.Build.0 = Release|Any CPU
	EndGlobalSection
	GlobalSection(SolutionProperties) = preSolution
		HideSolutionNode = FALSE
	EndGlobalSection
	GlobalSection(ExtensibilityGlobals) = postSolution
		SolutionGuid = {BB0DC2DC-FDC2-42B2-9432-128E113FB38F}
	EndGlobalSection
EndGlobal
