
Microsoft Visual Studio Solution File, Format Version 12.00
# Visual Studio 15
VisualStudioVersion = 15.0.27703.2000
MinimumVisualStudioVersion = 10.0.40219.1
Project("{FAE04EC0-301F-11D3-BF4B-00C04F79EFBC}") = "WorkingWithDatesAndTimes", "WorkingWithDatesAndTimes\WorkingWithDatesAndTimes.csproj", "{3E34A4F1-19E3-48CD-B2FA-E16DB2040DF1}"
EndProject
Global
	GlobalSection(SolutionConfigurationPlatforms) = preSolution
		Debug|Any CPU = Debug|Any CPU
		Release|Any CPU = Release|Any CPU
	EndGlobalSection
	GlobalSection(ProjectConfigurationPlatforms) = postSolution
		{3E34A4F1-19E3-48CD-B2FA-E16DB2040DF1}.Debug|Any CPU.ActiveCfg = Debug|Any CPU
		{3E34A4F1-19E3-48CD-B2FA-E16DB2040DF1}.Debug|Any CPU.Build.0 = Debug|Any CPU
		{3E34A4F1-19E3-48CD-B2FA-E16DB2040DF1}.Release|Any CPU.ActiveCfg = Release|Any CPU
		{3E34A4F1-19E3-48CD-B2FA-E16DB2040DF1}.Release|Any CPU.Build.0 = Release|Any CPU
	EndGlobalSection
	GlobalSection(SolutionProperties) = preSolution
		HideSolutionNode = FALSE
	EndGlobalSection
	GlobalSection(ExtensibilityGlobals) = postSolution
		SolutionGuid = {570E9289-BA67-4843-A889-0E4E54CDE350}
	EndGlobalSection
EndGlobal
