
Microsoft Visual Studio Solution File, Format Version 12.00
# Visual Studio 15
VisualStudioVersion = 15.0.27703.2000
MinimumVisualStudioVersion = 10.0.40219.1
Project("{FAE04EC0-301F-11D3-BF4B-00C04F79EFBC}") = "WorkingWIthLists", "WorkingWIthLists\WorkingWIthLists.csproj", "{36A5DC49-153A-4AD2-89BA-8EDC0E1CEC9D}"
EndProject
Global
	GlobalSection(SolutionConfigurationPlatforms) = preSolution
		Debug|Any CPU = Debug|Any CPU
		Release|Any CPU = Release|Any CPU
	EndGlobalSection
	GlobalSection(ProjectConfigurationPlatforms) = postSolution
		{36A5DC49-153A-4AD2-89BA-8EDC0E1CEC9D}.Debug|Any CPU.ActiveCfg = Debug|Any CPU
		{36A5DC49-153A-4AD2-89BA-8EDC0E1CEC9D}.Debug|Any CPU.Build.0 = Debug|Any CPU
		{36A5DC49-153A-4AD2-89BA-8EDC0E1CEC9D}.Release|Any CPU.ActiveCfg = Release|Any CPU
		{36A5DC49-153A-4AD2-89BA-8EDC0E1CEC9D}.Release|Any CPU.Build.0 = Release|Any CPU
	EndGlobalSection
	GlobalSection(SolutionProperties) = preSolution
		HideSolutionNode = FALSE
	EndGlobalSection
	GlobalSection(ExtensibilityGlobals) = postSolution
		SolutionGuid = {91A1CB79-3B51-4DB0-9562-ECF6F91C96E3}
	EndGlobalSection
EndGlobal
